
Microsoft Visual Studio Solution File, Format Version 12.00
# Visual Studio Version 17
VisualStudioVersion = 17.12.35707.178
MinimumVisualStudioVersion = 10.0.40219.1
Project("{8BC9CEB8-8B4A-11D0-8D11-00A0C91BC942}") = "CH_1 Game_Algorithm", "Ch_1 Game _Algorithm.vcxproj", "{7AD49484-2F39-4C7A-85ED-41002E30791D}"
EndProject
Project("{8BC9CEB8-8B4A-11D0-8D11-00A0C91BC942}") = "CH_2_basic Sorting", "..\CH2_basic Sorting\CH2_basic Sorting.vcxproj", "{F7948EE9-45BD-4C84-B6EF-05621CCDDA15}"
EndProject
Project("{8BC9CEB8-8B4A-11D0-8D11-00A0C91BC942}") = "CH_3 insert_quick_sort", "..\CH_3 삽입 정렬과 퀵 정렬에 대한 이해\CH_3 삽입 정렬과 퀵 정렬에 대한 이해.vcxproj", "{F9B49E2B-F742-4BC5-8CCE-57D026F2D7F8}"
EndProject
Project("{8BC9CEB8-8B4A-11D0-8D11-00A0C91BC942}") = "CH_4 merge_Sort", "..\CH_4 merge_Sort\CH_4 merge_Sort.vcxproj", "{771EBF02-5747-4822-9DBC-9298E31B7A44}"
EndProject
Project("{8BC9CEB8-8B4A-11D0-8D11-00A0C91BC942}") = "CH_5 sort_serarch", "..\CH_5 sort_serarch\CH_5 sort_serarch.vcxproj", "{120DB977-21D9-4363-ADB1-7DD47588B48A}"
EndProject
Project("{8BC9CEB8-8B4A-11D0-8D11-00A0C91BC942}") = "CH_6 Tree", "..\CH_6 Tree\CH_6 Tree.vcxproj", "{F3C78155-251B-4319-A3F9-C1E323A5E487}"
EndProject
Project("{8BC9CEB8-8B4A-11D0-8D11-00A0C91BC942}") = "CH_7 KthFind", "..\CH_7 KthFind\CH_7 KthFind.vcxproj", "{DF56847C-8BE3-4A2F-A517-FEAF96D2036F}"
EndProject
Project("{8BC9CEB8-8B4A-11D0-8D11-00A0C91BC942}") = "CH_8 Heap", "..\CH_8 Heap\CH_8 Heap.vcxproj", "{4432BCD6-AC8F-4C9D-BF15-6BE815F54066}"
EndProject
Project("{8BC9CEB8-8B4A-11D0-8D11-00A0C91BC942}") = "CH_9 Threat System", "..\CH_9 Threat System\CH_9 Threat System.vcxproj", "{6D1E7C94-DCB2-44E6-ACF0-531557A96785}"
EndProject
Project("{8BC9CEB8-8B4A-11D0-8D11-00A0C91BC942}") = "CH_10 Graph", "..\CH_10 Graph\CH_10 Graph.vcxproj", "{AEB660FC-FE83-41AE-8D21-03DB3189655A}"
EndProject
Project("{8BC9CEB8-8B4A-11D0-8D11-00A0C91BC942}") = "CH_11 Graph_Traverse", "..\CH_11 Graph_Traverse\CH_11 Graph_Traverse.vcxproj", "{31BDC0BF-6985-44C9-9F07-1AEF601A3408}"
EndProject
Global
	GlobalSection(SolutionConfigurationPlatforms) = preSolution
		Debug|x64 = Debug|x64
		Debug|x86 = Debug|x86
		Release|x64 = Release|x64
		Release|x86 = Release|x86
	EndGlobalSection
	GlobalSection(ProjectConfigurationPlatforms) = postSolution
		{7AD49484-2F39-4C7A-85ED-41002E30791D}.Debug|x64.ActiveCfg = Debug|x64
		{7AD49484-2F39-4C7A-85ED-41002E30791D}.Debug|x64.Build.0 = Debug|x64
		{7AD49484-2F39-4C7A-85ED-41002E30791D}.Debug|x86.ActiveCfg = Debug|Win32
		{7AD49484-2F39-4C7A-85ED-41002E30791D}.Debug|x86.Build.0 = Debug|Win32
		{7AD49484-2F39-4C7A-85ED-41002E30791D}.Release|x64.ActiveCfg = Release|x64
		{7AD49484-2F39-4C7A-85ED-41002E30791D}.Release|x64.Build.0 = Release|x64
		{7AD49484-2F39-4C7A-85ED-41002E30791D}.Release|x86.ActiveCfg = Release|Win32
		{7AD49484-2F39-4C7A-85ED-41002E30791D}.Release|x86.Build.0 = Release|Win32
		{F7948EE9-45BD-4C84-B6EF-05621CCDDA15}.Debug|x64.ActiveCfg = Debug|x64
		{F7948EE9-45BD-4C84-B6EF-05621CCDDA15}.Debug|x64.Build.0 = Debug|x64
		{F7948EE9-45BD-4C84-B6EF-05621CCDDA15}.Debug|x86.ActiveCfg = Debug|Win32
		{F7948EE9-45BD-4C84-B6EF-05621CCDDA15}.Debug|x86.Build.0 = Debug|Win32
		{F7948EE9-45BD-4C84-B6EF-05621CCDDA15}.Release|x64.ActiveCfg = Release|x64
		{F7948EE9-45BD-4C84-B6EF-05621CCDDA15}.Release|x64.Build.0 = Release|x64
		{F7948EE9-45BD-4C84-B6EF-05621CCDDA15}.Release|x86.ActiveCfg = Release|Win32
		{F7948EE9-45BD-4C84-B6EF-05621CCDDA15}.Release|x86.Build.0 = Release|Win32
		{F9B49E2B-F742-4BC5-8CCE-57D026F2D7F8}.Debug|x64.ActiveCfg = Debug|x64
		{F9B49E2B-F742-4BC5-8CCE-57D026F2D7F8}.Debug|x64.Build.0 = Debug|x64
		{F9B49E2B-F742-4BC5-8CCE-57D026F2D7F8}.Debug|x86.ActiveCfg = Debug|Win32
		{F9B49E2B-F742-4BC5-8CCE-57D026F2D7F8}.Debug|x86.Build.0 = Debug|Win32
		{F9B49E2B-F742-4BC5-8CCE-57D026F2D7F8}.Release|x64.ActiveCfg = Release|x64
		{F9B49E2B-F742-4BC5-8CCE-57D026F2D7F8}.Release|x64.Build.0 = Release|x64
		{F9B49E2B-F742-4BC5-8CCE-57D026F2D7F8}.Release|x86.ActiveCfg = Release|Win32
		{F9B49E2B-F742-4BC5-8CCE-57D026F2D7F8}.Release|x86.Build.0 = Release|Win32
		{771EBF02-5747-4822-9DBC-9298E31B7A44}.Debug|x64.ActiveCfg = Debug|x64
		{771EBF02-5747-4822-9DBC-9298E31B7A44}.Debug|x64.Build.0 = Debug|x64
		{771EBF02-5747-4822-9DBC-9298E31B7A44}.Debug|x86.ActiveCfg = Debug|Win32
		{771EBF02-5747-4822-9DBC-9298E31B7A44}.Debug|x86.Build.0 = Debug|Win32
		{771EBF02-5747-4822-9DBC-9298E31B7A44}.Release|x64.ActiveCfg = Release|x64
		{771EBF02-5747-4822-9DBC-9298E31B7A44}.Release|x64.Build.0 = Release|x64
		{771EBF02-5747-4822-9DBC-9298E31B7A44}.Release|x86.ActiveCfg = Release|Win32
		{771EBF02-5747-4822-9DBC-9298E31B7A44}.Release|x86.Build.0 = Release|Win32
		{120DB977-21D9-4363-ADB1-7DD47588B48A}.Debug|x64.ActiveCfg = Debug|x64
		{120DB977-21D9-4363-ADB1-7DD47588B48A}.Debug|x64.Build.0 = Debug|x64
		{120DB977-21D9-4363-ADB1-7DD47588B48A}.Debug|x86.ActiveCfg = Debug|Win32
		{120DB977-21D9-4363-ADB1-7DD47588B48A}.Debug|x86.Build.0 = Debug|Win32
		{120DB977-21D9-4363-ADB1-7DD47588B48A}.Release|x64.ActiveCfg = Release|x64
		{120DB977-21D9-4363-ADB1-7DD47588B48A}.Release|x64.Build.0 = Release|x64
		{120DB977-21D9-4363-ADB1-7DD47588B48A}.Release|x86.ActiveCfg = Release|Win32
		{120DB977-21D9-4363-ADB1-7DD47588B48A}.Release|x86.Build.0 = Release|Win32
		{F3C78155-251B-4319-A3F9-C1E323A5E487}.Debug|x64.ActiveCfg = Debug|x64
		{F3C78155-251B-4319-A3F9-C1E323A5E487}.Debug|x64.Build.0 = Debug|x64
		{F3C78155-251B-4319-A3F9-C1E323A5E487}.Debug|x86.ActiveCfg = Debug|Win32
		{F3C78155-251B-4319-A3F9-C1E323A5E487}.Debug|x86.Build.0 = Debug|Win32
		{F3C78155-251B-4319-A3F9-C1E323A5E487}.Release|x64.ActiveCfg = Release|x64
		{F3C78155-251B-4319-A3F9-C1E323A5E487}.Release|x64.Build.0 = Release|x64
		{F3C78155-251B-4319-A3F9-C1E323A5E487}.Release|x86.ActiveCfg = Release|Win32
		{F3C78155-251B-4319-A3F9-C1E323A5E487}.Release|x86.Build.0 = Release|Win32
		{DF56847C-8BE3-4A2F-A517-FEAF96D2036F}.Debug|x64.ActiveCfg = Debug|x64
		{DF56847C-8BE3-4A2F-A517-FEAF96D2036F}.Debug|x64.Build.0 = Debug|x64
		{DF56847C-8BE3-4A2F-A517-FEAF96D2036F}.Debug|x86.ActiveCfg = Debug|Win32
		{DF56847C-8BE3-4A2F-A517-FEAF96D2036F}.Debug|x86.Build.0 = Debug|Win32
		{DF56847C-8BE3-4A2F-A517-FEAF96D2036F}.Release|x64.ActiveCfg = Release|x64
		{DF56847C-8BE3-4A2F-A517-FEAF96D2036F}.Release|x64.Build.0 = Release|x64
		{DF56847C-8BE3-4A2F-A517-FEAF96D2036F}.Release|x86.ActiveCfg = Release|Win32
		{DF56847C-8BE3-4A2F-A517-FEAF96D2036F}.Release|x86.Build.0 = Release|Win32
		{4432BCD6-AC8F-4C9D-BF15-6BE815F54066}.Debug|x64.ActiveCfg = Debug|x64
		{4432BCD6-AC8F-4C9D-BF15-6BE815F54066}.Debug|x64.Build.0 = Debug|x64
		{4432BCD6-AC8F-4C9D-BF15-6BE815F54066}.Debug|x86.ActiveCfg = Debug|Win32
		{4432BCD6-AC8F-4C9D-BF15-6BE815F54066}.Debug|x86.Build.0 = Debug|Win32
		{4432BCD6-AC8F-4C9D-BF15-6BE815F54066}.Release|x64.ActiveCfg = Release|x64
		{4432BCD6-AC8F-4C9D-BF15-6BE815F54066}.Release|x64.Build.0 = Release|x64
		{4432BCD6-AC8F-4C9D-BF15-6BE815F54066}.Release|x86.ActiveCfg = Release|Win32
		{4432BCD6-AC8F-4C9D-BF15-6BE815F54066}.Release|x86.Build.0 = Release|Win32
		{6D1E7C94-DCB2-44E6-ACF0-531557A96785}.Debug|x64.ActiveCfg = Debug|x64
		{6D1E7C94-DCB2-44E6-ACF0-531557A96785}.Debug|x64.Build.0 = Debug|x64
		{6D1E7C94-DCB2-44E6-ACF0-531557A96785}.Debug|x86.ActiveCfg = Debug|Win32
		{6D1E7C94-DCB2-44E6-ACF0-531557A96785}.Debug|x86.Build.0 = Debug|Win32
		{6D1E7C94-DCB2-44E6-ACF0-531557A96785}.Release|x64.ActiveCfg = Release|x64
		{6D1E7C94-DCB2-44E6-ACF0-531557A96785}.Release|x64.Build.0 = Release|x64
		{6D1E7C94-DCB2-44E6-ACF0-531557A96785}.Release|x86.ActiveCfg = Release|Win32
		{6D1E7C94-DCB2-44E6-ACF0-531557A96785}.Release|x86.Build.0 = Release|Win32
		{AEB660FC-FE83-41AE-8D21-03DB3189655A}.Debug|x64.ActiveCfg = Debug|x64
		{AEB660FC-FE83-41AE-8D21-03DB3189655A}.Debug|x64.Build.0 = Debug|x64
		{AEB660FC-FE83-41AE-8D21-03DB3189655A}.Debug|x86.ActiveCfg = Debug|Win32
		{AEB660FC-FE83-41AE-8D21-03DB3189655A}.Debug|x86.Build.0 = Debug|Win32
		{AEB660FC-FE83-41AE-8D21-03DB3189655A}.Release|x64.ActiveCfg = Release|x64
		{AEB660FC-FE83-41AE-8D21-03DB3189655A}.Release|x64.Build.0 = Release|x64
		{AEB660FC-FE83-41AE-8D21-03DB3189655A}.Release|x86.ActiveCfg = Release|Win32
		{AEB660FC-FE83-41AE-8D21-03DB3189655A}.Release|x86.Build.0 = Release|Win32
		{31BDC0BF-6985-44C9-9F07-1AEF601A3408}.Debug|x64.ActiveCfg = Debug|x64
		{31BDC0BF-6985-44C9-9F07-1AEF601A3408}.Debug|x64.Build.0 = Debug|x64
		{31BDC0BF-6985-44C9-9F07-1AEF601A3408}.Debug|x86.ActiveCfg = Debug|Win32
		{31BDC0BF-6985-44C9-9F07-1AEF601A3408}.Debug|x86.Build.0 = Debug|Win32
		{31BDC0BF-6985-44C9-9F07-1AEF601A3408}.Release|x64.ActiveCfg = Release|x64
		{31BDC0BF-6985-44C9-9F07-1AEF601A3408}.Release|x64.Build.0 = Release|x64
		{31BDC0BF-6985-44C9-9F07-1AEF601A3408}.Release|x86.ActiveCfg = Release|Win32
		{31BDC0BF-6985-44C9-9F07-1AEF601A3408}.Release|x86.Build.0 = Release|Win32
	EndGlobalSection
	GlobalSection(SolutionProperties) = preSolution
		HideSolutionNode = FALSE
	EndGlobalSection
EndGlobal
